{
  "name": "@yurkimus/url",
  "version": "0.2.2",
  "lockfileVersion": 3,
  "requires": true,
  "packages": {
    "": {
      "name": "@yurkimus/url",
      "version": "0.2.2",
      "dependencies": {
        "@yurkimus/curry": "^0.0.8",
        "@yurkimus/types": "0.2.1"
      }
    },
    "node_modules/@yurkimus/curry": {
      "version": "0.0.8",
      "resolved": "https://registry.npmjs.org/@yurkimus/curry/-/curry-0.0.8.tgz",
      "integrity": "sha512-4EXfOhX9i7P/Tab5qc7obr3ilEzqoFGgYwSWHIR7voap3q1hwsj8uCWC52ubIcgu1UCVJ0alMRH8u1MG2+XbmA==",
      "dependencies": {
        "@yurkimus/types": "npm:@yurkimus/types@0.2.1"
      }
    },
    "node_modules/@yurkimus/types": {
      "version": "0.2.1",
      "resolved": "https://registry.npmjs.org/@yurkimus/types/-/types-0.2.1.tgz",
      "integrity": "sha512-eHABWuuMFq0Jo/HWK6I4YkHb3TrxiJyIVQaEL4GQUdcRiBNCRlL4UmHawaXHPG15LtWXEmNX1if4xgwcLklK7w=="
    }
  }
}
